
Microsoft Visual Studio Solution File, Format Version 12.00
# Visual Studio 15
VisualStudioVersion = 15.0.28307.271
MinimumVisualStudioVersion = 10.0.40219.1
Project("{FAE04EC0-301F-11D3-BF4B-00C04F79EFBC}") = "arrayStats", "arrayStats\arrayStats.csproj", "{316C494C-058A-4F8C-923E-AD432F3C5059}"
EndProject
Project("{FAE04EC0-301F-11D3-BF4B-00C04F79EFBC}") = "mostCommonNumber", "mostCommonNumber\mostCommonNumber.csproj", "{9CE34FCB-8DFD-4E4F-9D5F-3E700BF69194}"
EndProject
Project("{FAE04EC0-301F-11D3-BF4B-00C04F79EFBC}") = "indexOfLetter", "indexOfLetter\indexOfLetter.csproj", "{5FA28E18-7A0D-4C81-ADB0-080E751E776E}"
EndProject
Project("{FAE04EC0-301F-11D3-BF4B-00C04F79EFBC}") = "arrayToNumber", "arrayToNumber\arrayToNumber.csproj", "{6CE9F533-6499-46D6-B080-3D6FF86A2B4B}"
EndProject
Project("{FAE04EC0-301F-11D3-BF4B-00C04F79EFBC}") = "arrayReverse", "arrayReverse\arrayReverse.csproj", "{459D1BC7-232D-4561-8312-174600AF865F}"
EndProject
Project("{FAE04EC0-301F-11D3-BF4B-00C04F79EFBC}") = "rotateAndSum", "rotateAndSum\rotateAndSum.csproj", "{3B1EADEF-7445-4245-8F88-49F4C0DAA3C9}"
EndProject
Project("{FAE04EC0-301F-11D3-BF4B-00C04F79EFBC}") = "foldAndSum", "foldAndSum\foldAndSum.csproj", "{1D7E7C8E-22B8-4FBF-85B8-844C2746D507}"
EndProject
Project("{FAE04EC0-301F-11D3-BF4B-00C04F79EFBC}") = "arrayProcessing", "arrayProcessing\arrayProcessing.csproj", "{0D7CEB5F-3DA7-411A-AE44-0F2DA3B27548}"
EndProject
Global
	GlobalSection(SolutionConfigurationPlatforms) = preSolution
		Debug|Any CPU = Debug|Any CPU
		Release|Any CPU = Release|Any CPU
	EndGlobalSection
	GlobalSection(ProjectConfigurationPlatforms) = postSolution
		{316C494C-058A-4F8C-923E-AD432F3C5059}.Debug|Any CPU.ActiveCfg = Debug|Any CPU
		{316C494C-058A-4F8C-923E-AD432F3C5059}.Debug|Any CPU.Build.0 = Debug|Any CPU
		{316C494C-058A-4F8C-923E-AD432F3C5059}.Release|Any CPU.ActiveCfg = Release|Any CPU
		{316C494C-058A-4F8C-923E-AD432F3C5059}.Release|Any CPU.Build.0 = Release|Any CPU
		{9CE34FCB-8DFD-4E4F-9D5F-3E700BF69194}.Debug|Any CPU.ActiveCfg = Debug|Any CPU
		{9CE34FCB-8DFD-4E4F-9D5F-3E700BF69194}.Debug|Any CPU.Build.0 = Debug|Any CPU
		{9CE34FCB-8DFD-4E4F-9D5F-3E700BF69194}.Release|Any CPU.ActiveCfg = Release|Any CPU
		{9CE34FCB-8DFD-4E4F-9D5F-3E700BF69194}.Release|Any CPU.Build.0 = Release|Any CPU
		{5FA28E18-7A0D-4C81-ADB0-080E751E776E}.Debug|Any CPU.ActiveCfg = Debug|Any CPU
		{5FA28E18-7A0D-4C81-ADB0-080E751E776E}.Debug|Any CPU.Build.0 = Debug|Any CPU
		{5FA28E18-7A0D-4C81-ADB0-080E751E776E}.Release|Any CPU.ActiveCfg = Release|Any CPU
		{5FA28E18-7A0D-4C81-ADB0-080E751E776E}.Release|Any CPU.Build.0 = Release|Any CPU
		{6CE9F533-6499-46D6-B080-3D6FF86A2B4B}.Debug|Any CPU.ActiveCfg = Debug|Any CPU
		{6CE9F533-6499-46D6-B080-3D6FF86A2B4B}.Debug|Any CPU.Build.0 = Debug|Any CPU
		{6CE9F533-6499-46D6-B080-3D6FF86A2B4B}.Release|Any CPU.ActiveCfg = Release|Any CPU
		{6CE9F533-6499-46D6-B080-3D6FF86A2B4B}.Release|Any CPU.Build.0 = Release|Any CPU
		{459D1BC7-232D-4561-8312-174600AF865F}.Debug|Any CPU.ActiveCfg = Debug|Any CPU
		{459D1BC7-232D-4561-8312-174600AF865F}.Debug|Any CPU.Build.0 = Debug|Any CPU
		{459D1BC7-232D-4561-8312-174600AF865F}.Release|Any CPU.ActiveCfg = Release|Any CPU
		{459D1BC7-232D-4561-8312-174600AF865F}.Release|Any CPU.Build.0 = Release|Any CPU
		{3B1EADEF-7445-4245-8F88-49F4C0DAA3C9}.Debug|Any CPU.ActiveCfg = Debug|Any CPU
		{3B1EADEF-7445-4245-8F88-49F4C0DAA3C9}.Debug|Any CPU.Build.0 = Debug|Any CPU
		{3B1EADEF-7445-4245-8F88-49F4C0DAA3C9}.Release|Any CPU.ActiveCfg = Release|Any CPU
		{3B1EADEF-7445-4245-8F88-49F4C0DAA3C9}.Release|Any CPU.Build.0 = Release|Any CPU
		{1D7E7C8E-22B8-4FBF-85B8-844C2746D507}.Debug|Any CPU.ActiveCfg = Debug|Any CPU
		{1D7E7C8E-22B8-4FBF-85B8-844C2746D507}.Debug|Any CPU.Build.0 = Debug|Any CPU
		{1D7E7C8E-22B8-4FBF-85B8-844C2746D507}.Release|Any CPU.ActiveCfg = Release|Any CPU
		{1D7E7C8E-22B8-4FBF-85B8-844C2746D507}.Release|Any CPU.Build.0 = Release|Any CPU
		{0D7CEB5F-3DA7-411A-AE44-0F2DA3B27548}.Debug|Any CPU.ActiveCfg = Debug|Any CPU
		{0D7CEB5F-3DA7-411A-AE44-0F2DA3B27548}.Debug|Any CPU.Build.0 = Debug|Any CPU
		{0D7CEB5F-3DA7-411A-AE44-0F2DA3B27548}.Release|Any CPU.ActiveCfg = Release|Any CPU
		{0D7CEB5F-3DA7-411A-AE44-0F2DA3B27548}.Release|Any CPU.Build.0 = Release|Any CPU
	EndGlobalSection
	GlobalSection(SolutionProperties) = preSolution
		HideSolutionNode = FALSE
	EndGlobalSection
	GlobalSection(ExtensibilityGlobals) = postSolution
		SolutionGuid = {0F01B1E3-48F3-4237-BF44-4676C0B864EF}
	EndGlobalSection
EndGlobal
